
Microsoft Visual Studio Solution File, Format Version 12.00
# Visual Studio Version 17
VisualStudioVersion = 17.3.32929.385
MinimumVisualStudioVersion = 10.0.40219.1
Project("{FAE04EC0-301F-11D3-BF4B-00C04F79EFBC}") = "WebApi", "backend\WebApi\WebApi.csproj", "{0724DA1F-F751-436F-9626-061E9D257243}"
EndProject
Project("{FAE04EC0-301F-11D3-BF4B-00C04F79EFBC}") = "DataAccess", "backend\DataAccess\DataAccess.csproj", "{E7EC4924-6DA7-4A1F-80AC-D46D93DA7DF7}"
EndProject
Project("{FAE04EC0-301F-11D3-BF4B-00C04F79EFBC}") = "UnitTests", "backend\UnitTests\UnitTests.csproj", "{F4DEEECD-B66F-4F9D-8E52-F91F9B8612E6}"
EndProject
Global
	GlobalSection(SolutionConfigurationPlatforms) = preSolution
		Debug|Any CPU = Debug|Any CPU
		Release|Any CPU = Release|Any CPU
	EndGlobalSection
	GlobalSection(ProjectConfigurationPlatforms) = postSolution
		{0724DA1F-F751-436F-9626-061E9D257243}.Debug|Any CPU.ActiveCfg = Debug|Any CPU
		{0724DA1F-F751-436F-9626-061E9D257243}.Debug|Any CPU.Build.0 = Debug|Any CPU
		{0724DA1F-F751-436F-9626-061E9D257243}.Release|Any CPU.ActiveCfg = Release|Any CPU
		{0724DA1F-F751-436F-9626-061E9D257243}.Release|Any CPU.Build.0 = Release|Any CPU
		{E7EC4924-6DA7-4A1F-80AC-D46D93DA7DF7}.Debug|Any CPU.ActiveCfg = Debug|Any CPU
		{E7EC4924-6DA7-4A1F-80AC-D46D93DA7DF7}.Debug|Any CPU.Build.0 = Debug|Any CPU
		{E7EC4924-6DA7-4A1F-80AC-D46D93DA7DF7}.Release|Any CPU.ActiveCfg = Release|Any CPU
		{E7EC4924-6DA7-4A1F-80AC-D46D93DA7DF7}.Release|Any CPU.Build.0 = Release|Any CPU
		{F4DEEECD-B66F-4F9D-8E52-F91F9B8612E6}.Debug|Any CPU.ActiveCfg = Debug|Any CPU
		{F4DEEECD-B66F-4F9D-8E52-F91F9B8612E6}.Debug|Any CPU.Build.0 = Debug|Any CPU
		{F4DEEECD-B66F-4F9D-8E52-F91F9B8612E6}.Release|Any CPU.ActiveCfg = Release|Any CPU
		{F4DEEECD-B66F-4F9D-8E52-F91F9B8612E6}.Release|Any CPU.Build.0 = Release|Any CPU
	EndGlobalSection
	GlobalSection(SolutionProperties) = preSolution
		HideSolutionNode = FALSE
	EndGlobalSection
	GlobalSection(ExtensibilityGlobals) = postSolution
		SolutionGuid = {8F4042BB-BA15-40A2-A30D-63F6E9467882}
	EndGlobalSection
EndGlobal
